// !$*UTF8*$!
{
	archiveVersion = 1;
	classes = {
	};
	objectVersion = 77;
	objects = {

/* Begin PBXBuildFile section */
		490799762F89ABCA00BBEE73 /* MacWiFiPortal.cpp in Sources */ = {isa = PBXBuildFile; fileRef = 490799692F89AA2B00BBEE73 /* MacWiFiPortal.cpp */; };
		4907997F2F89ABF500BBEE73 /* liblua.a in Frameworks */ = {isa = PBXBuildFile; fileRef = 4907997E2F89ABEB00BBEE73 /* liblua.a */; };
		491673DA2EA865380028A6F0 /* LuaManager.h in Headers */ = {isa = PBXBuildFile; fileRef = 491673D92EA865290028A6F0 /* LuaManager.h */; };
		491673DC2EA865410028A6F0 /* LuaManager.cpp in Sources */ = {isa = PBXBuildFile; fileRef = 491673DB2EA8653D0028A6F0 /* LuaManager.cpp */; };
		492744442E9DBF6F00AF8FA1 /* MacWebServer.cpp in Sources */ = {isa = PBXBuildFile; fileRef = 492744432E9DBF6F00AF8FA1 /* MacWebServer.cpp */; };
		492744462E9DBFA100AF8FA1 /* MacWebServer.h in Headers */ = {isa = PBXBuildFile; fileRef = 492744452E9DBF9900AF8FA1 /* MacWebServer.h */; };
		492744492E9DC41800AF8FA1 /* libESPlib.a in Frameworks */ = {isa = PBXBuildFile; fileRef = 49E65B012E9C36F800D3C6C5 /* libESPlib.a */; };
		495604982F4BA47300A665A8 /* HTTPFetchClient.h in Headers */ = {isa = PBXBuildFile; fileRef = 495604962F4BA47300A665A8 /* HTTPFetchClient.h */; };
		495604992F4BA47300A665A8 /* HTTPFetchClient.cpp in Sources */ = {isa = PBXBuildFile; fileRef = 495604972F4BA47300A665A8 /* HTTPFetchClient.cpp */; };
		495AB4662E9C753400C4C2C4 /* main.cpp in Sources */ = {isa = PBXBuildFile; fileRef = 495AB4652E9C753400C4C2C4 /* main.cpp */; };
		495AB46D2E9C77FE00C4C2C4 /* Vesper.cpp in Sources */ = {isa = PBXBuildFile; fileRef = 495AB46C2E9C77FE00C4C2C4 /* Vesper.cpp */; };
		495AB4712E9C7BE800C4C2C4 /* libESPlib.a in Frameworks */ = {isa = PBXBuildFile; fileRef = 49E65B012E9C36F800D3C6C5 /* libESPlib.a */; };
		4968BAE62F19CAE00038B8A9 /* HTTPParser.h in Headers */ = {isa = PBXBuildFile; fileRef = 4968BAE52F19CAD40038B8A9 /* HTTPParser.h */; };
		4968BAE82F19CAEB0038B8A9 /* HTTPParser.cpp in Sources */ = {isa = PBXBuildFile; fileRef = 4968BAE72F19CAE90038B8A9 /* HTTPParser.cpp */; };
		496D0E292F4A92FB005772FD /* libcurl.tbd in Frameworks */ = {isa = PBXBuildFile; fileRef = 496D0E282F4A92FB005772FD /* libcurl.tbd */; };
		497554F52F8B167B004BED08 /* DSP7S04B.cpp in Sources */ = {isa = PBXBuildFile; fileRef = 49E65B6D2E9C3A7600D3C6C5 /* DSP7S04B.cpp */; };
		49B9C0D92F96BF6700E04A28 /* linenoise.c in Sources */ = {isa = PBXBuildFile; fileRef = 49B9C0D82F96BF6700E04A28 /* linenoise.c */; };
		49B9C0DA2F96BF6700E04A28 /* linenoise.h in Headers */ = {isa = PBXBuildFile; fileRef = 49B9C0D72F96BF6700E04A28 /* linenoise.h */; };
		49D723E72F329F270057DE87 /* LuaWFS.h in Headers */ = {isa = PBXBuildFile; fileRef = 49D723E62F329F1D0057DE87 /* LuaWFS.h */; };
		49D723EA2F329FFC0057DE87 /* LuaWFS.cpp in Sources */ = {isa = PBXBuildFile; fileRef = 49D723E82F329F2D0057DE87 /* LuaWFS.cpp */; };
		49DBBCDD2F5B546B001930A0 /* libtelnet.h in Headers */ = {isa = PBXBuildFile; fileRef = 49DBBCDB2F5B546B001930A0 /* libtelnet.h */; };
		49DBBCDE2F5B546B001930A0 /* libtelnet.c in Sources */ = {isa = PBXBuildFile; fileRef = 49DBBCDC2F5B546B001930A0 /* libtelnet.c */; };
		49E65B902E9C3A7600D3C6C5 /* Font_8x8_8pt.h in Headers */ = {isa = PBXBuildFile; fileRef = 49E65B742E9C3A7600D3C6C5 /* Font_8x8_8pt.h */; };
		49E65B912E9C3A7600D3C6C5 /* Font_Compact_5pt.h in Headers */ = {isa = PBXBuildFile; fileRef = 49E65B752E9C3A7600D3C6C5 /* Font_Compact_5pt.h */; };
		49E65B932E9C3A7600D3C6C5 /* Blinker.h in Headers */ = {isa = PBXBuildFile; fileRef = 49E65B652E9C3A7600D3C6C5 /* Blinker.h */; settings = {ATTRIBUTES = (Public, ); }; };
		49E65B942E9C3A7600D3C6C5 /* mil.h in Headers */ = {isa = PBXBuildFile; fileRef = 49E65B822E9C3A7600D3C6C5 /* mil.h */; settings = {ATTRIBUTES = (Public, ); }; };
		49E65B962E9C3A7600D3C6C5 /* Shell.h in Headers */ = {isa = PBXBuildFile; fileRef = 49E65B8C2E9C3A7600D3C6C5 /* Shell.h */; settings = {ATTRIBUTES = (Public, ); }; };
		49E65B982E9C3A7600D3C6C5 /* WiFiPortal.h in Headers */ = {isa = PBXBuildFile; fileRef = 49E65B8E2E9C3A7600D3C6C5 /* WiFiPortal.h */; settings = {ATTRIBUTES = (Public, ); }; };
		49E65B992E9C3A7600D3C6C5 /* Clock.h in Headers */ = {isa = PBXBuildFile; fileRef = 49E65B6A2E9C3A7600D3C6C5 /* Clock.h */; settings = {ATTRIBUTES = (Public, ); }; };
		49E65B9B2E9C3A7600D3C6C5 /* StateMachine.h in Headers */ = {isa = PBXBuildFile; fileRef = 49E65B842E9C3A7600D3C6C5 /* StateMachine.h */; settings = {ATTRIBUTES = (Public, ); }; };
		49E65B9C2E9C3A7600D3C6C5 /* TimeWeatherServer.h in Headers */ = {isa = PBXBuildFile; fileRef = 49E65B882E9C3A7600D3C6C5 /* TimeWeatherServer.h */; settings = {ATTRIBUTES = (Public, ); }; };
		49E65B9E2E9C3A7600D3C6C5 /* BrightnessManager.h in Headers */ = {isa = PBXBuildFile; fileRef = 49E65B662E9C3A7600D3C6C5 /* BrightnessManager.h */; settings = {ATTRIBUTES = (Public, ); }; };
		49E65BA02E9C3A7600D3C6C5 /* ButtonManager.h in Headers */ = {isa = PBXBuildFile; fileRef = 49E65B682E9C3A7600D3C6C5 /* ButtonManager.h */; settings = {ATTRIBUTES = (Public, ); }; };
		49E65BA12E9C3A7600D3C6C5 /* Application.h in Headers */ = {isa = PBXBuildFile; fileRef = 49E65B632E9C3A7600D3C6C5 /* Application.h */; settings = {ATTRIBUTES = (Public, ); }; };
		49E65BA22E9C3A7600D3C6C5 /* JsonStreamingParser.h in Headers */ = {isa = PBXBuildFile; fileRef = 49E65B792E9C3A7600D3C6C5 /* JsonStreamingParser.h */; };
		49E65BA32E9C3A7600D3C6C5 /* System.h in Headers */ = {isa = PBXBuildFile; fileRef = 49E65B862E9C3A7600D3C6C5 /* System.h */; settings = {ATTRIBUTES = (Public, ); }; };
		49E65BA42E9C3A7600D3C6C5 /* JsonListener.h in Headers */ = {isa = PBXBuildFile; fileRef = 49E65B782E9C3A7600D3C6C5 /* JsonListener.h */; };
		49E65BA52E9C3A7600D3C6C5 /* LittleFSShim.h in Headers */ = {isa = PBXBuildFile; fileRef = 49E65B7C2E9C3A7600D3C6C5 /* LittleFSShim.h */; settings = {ATTRIBUTES = (Public, ); }; };
		49E65BA72E9C3A7600D3C6C5 /* WebFileSystem.h in Headers */ = {isa = PBXBuildFile; fileRef = 49E65B8A2E9C3A7600D3C6C5 /* WebFileSystem.h */; settings = {ATTRIBUTES = (Public, ); }; };
		49E65BA82E9C3A7600D3C6C5 /* Shell.cpp in Sources */ = {isa = PBXBuildFile; fileRef = 49E65B8D2E9C3A7600D3C6C5 /* Shell.cpp */; };
		49E65BAA2E9C3A7600D3C6C5 /* TimeWeatherServer.cpp in Sources */ = {isa = PBXBuildFile; fileRef = 49E65B892E9C3A7600D3C6C5 /* TimeWeatherServer.cpp */; };
		49E65BAD2E9C3A7600D3C6C5 /* LittleFSShim.cpp in Sources */ = {isa = PBXBuildFile; fileRef = 49E65B7D2E9C3A7600D3C6C5 /* LittleFSShim.cpp */; };
		49E65BAE2E9C3A7600D3C6C5 /* BrightnessManager.cpp in Sources */ = {isa = PBXBuildFile; fileRef = 49E65B672E9C3A7600D3C6C5 /* BrightnessManager.cpp */; };
		49E65BAF2E9C3A7600D3C6C5 /* WebFileSystem.cpp in Sources */ = {isa = PBXBuildFile; fileRef = 49E65B8B2E9C3A7600D3C6C5 /* WebFileSystem.cpp */; };
		49E65BB02E9C3A7600D3C6C5 /* ButtonManager.cpp in Sources */ = {isa = PBXBuildFile; fileRef = 49E65B692E9C3A7600D3C6C5 /* ButtonManager.cpp */; };
		49E65BB12E9C3A7600D3C6C5 /* Clock.cpp in Sources */ = {isa = PBXBuildFile; fileRef = 49E65B6B2E9C3A7600D3C6C5 /* Clock.cpp */; };
		49E65BB22E9C3A7600D3C6C5 /* System.cpp in Sources */ = {isa = PBXBuildFile; fileRef = 49E65B872E9C3A7600D3C6C5 /* System.cpp */; };
		49E65BB32E9C3A7600D3C6C5 /* Application.cpp in Sources */ = {isa = PBXBuildFile; fileRef = 49E65B642E9C3A7600D3C6C5 /* Application.cpp */; };
		49E65BB42E9C3A7600D3C6C5 /* JsonStreamingParser.cpp in Sources */ = {isa = PBXBuildFile; fileRef = 49E65B7A2E9C3A7600D3C6C5 /* JsonStreamingParser.cpp */; };
		49F81A232F60D3F0006B36FE /* Max7219Display.cpp in Sources */ = {isa = PBXBuildFile; fileRef = 49E65B7F2E9C3A7600D3C6C5 /* Max7219Display.cpp */; };
		49FDEBA92F606CEF001D6A6A /* Graphics.cpp in Sources */ = {isa = PBXBuildFile; fileRef = 49FDEBA82F606CEF001D6A6A /* Graphics.cpp */; };
		49FDEBAA2F606CEF001D6A6A /* Graphics.h in Headers */ = {isa = PBXBuildFile; fileRef = 49FDEBA72F606CEF001D6A6A /* Graphics.h */; };
/* End PBXBuildFile section */

/* Begin PBXContainerItemProxy section */
		4907997A2F89ABEA00BBEE73 /* PBXContainerItemProxy */ = {
			isa = PBXContainerItemProxy;
			containerPortal = 490799772F89ABEA00BBEE73 /* lua.xcodeproj */;
			proxyType = 1;
			remoteGlobalIDString = 495AB47B2E9D6BBF00C4C2C4;
			remoteInfo = lua;
		};
		4907997D2F89ABEB00BBEE73 /* PBXContainerItemProxy */ = {
			isa = PBXContainerItemProxy;
			containerPortal = 490799772F89ABEA00BBEE73 /* lua.xcodeproj */;
			proxyType = 2;
			remoteGlobalIDString = 495AB47C2E9D6BBF00C4C2C4;
			remoteInfo = lua;
		};
		492744472E9DC40F00AF8FA1 /* PBXContainerItemProxy */ = {
			isa = PBXContainerItemProxy;
			containerPortal = 49E65AF92E9C36F800D3C6C5 /* Project object */;
			proxyType = 1;
			remoteGlobalIDString = 49E65B002E9C36F800D3C6C5;
			remoteInfo = ESPlib;
		};
		495AB4672E9C753D00C4C2C4 /* PBXContainerItemProxy */ = {
			isa = PBXContainerItemProxy;
			containerPortal = 49E65AF92E9C36F800D3C6C5 /* Project object */;
			proxyType = 1;
			remoteGlobalIDString = 49E65B002E9C36F800D3C6C5;
			remoteInfo = ESPlib;
		};
/* End PBXContainerItemProxy section */

/* Begin PBXCopyFilesBuildPhase section */
		492744292E9D94D000AF8FA1 /* CopyFiles */ = {
			isa = PBXCopyFilesBuildPhase;
			buildActionMask = 2147483647;
			dstPath = /usr/share/man/man1/;
			dstSubfolderSpec = 0;
			files = (
			);
			runOnlyForDeploymentPostprocessing = 1;
		};
		495AB4552E9C730A00C4C2C4 /* CopyFiles */ = {
			isa = PBXCopyFilesBuildPhase;
			buildActionMask = 2147483647;
			dstPath = /usr/share/man/man1/;
			dstSubfolderSpec = 0;
			files = (
			);
			runOnlyForDeploymentPostprocessing = 1;
		};
/* End PBXCopyFilesBuildPhase section */

/* Begin PBXFileReference section */
		490799642F89A9FE00BBEE73 /* ESPWiFiPortal.h */ = {isa = PBXFileReference; lastKnownFileType = sourcecode.c.h; name = ESPWiFiPortal.h; path = ../ESPWiFiPortal.h; sourceTree = SOURCE_ROOT; };
		490799652F89A9FE00BBEE73 /* ESPWiFiPortal.cpp */ = {isa = PBXFileReference; lastKnownFileType = sourcecode.cpp.cpp; name = ESPWiFiPortal.cpp; path = ../ESPWiFiPortal.cpp; sourceTree = SOURCE_ROOT; };
		490799662F89AA2B00BBEE73 /* IDFWiFiPortal.h */ = {isa = PBXFileReference; lastKnownFileType = sourcecode.c.h; name = IDFWiFiPortal.h; path = ../IDFWiFiPortal.h; sourceTree = SOURCE_ROOT; };
		490799672F89AA2B00BBEE73 /* IDFWiFiPortal.cpp */ = {isa = PBXFileReference; lastKnownFileType = sourcecode.cpp.cpp; name = IDFWiFiPortal.cpp; path = ../IDFWiFiPortal.cpp; sourceTree = SOURCE_ROOT; };
		490799682F89AA2B00BBEE73 /* MacWiFiPortal.h */ = {isa = PBXFileReference; lastKnownFileType = sourcecode.c.h; name = MacWiFiPortal.h; path = ../MacWiFiPortal.h; sourceTree = SOURCE_ROOT; };
		490799692F89AA2B00BBEE73 /* MacWiFiPortal.cpp */ = {isa = PBXFileReference; lastKnownFileType = sourcecode.cpp.cpp; name = MacWiFiPortal.cpp; path = ../MacWiFiPortal.cpp; sourceTree = SOURCE_ROOT; };
		4907996A2F89AAC000BBEE73 /* cvtHTML.sh */ = {isa = PBXFileReference; lastKnownFileType = text.script.sh; name = cvtHTML.sh; path = ../cvtHTML.sh; sourceTree = SOURCE_ROOT; };
		4907996B2F89AAC000BBEE73 /* instcoo.sh */ = {isa = PBXFileReference; lastKnownFileType = text.script.sh; name = instcoo.sh; path = ../instcoo.sh; sourceTree = SOURCE_ROOT; };
		4907996C2F89AAC000BBEE73 /* instlcl.sh */ = {isa = PBXFileReference; lastKnownFileType = text.script.sh; name = instlcl.sh; path = ../instlcl.sh; sourceTree = SOURCE_ROOT; };
		4907996D2F89AAF800BBEE73 /* getopt.lua */ = {isa = PBXFileReference; lastKnownFileType = text; name = getopt.lua; path = ../getopt.lua; sourceTree = SOURCE_ROOT; };
		4907996E2F89AAF800BBEE73 /* LEDCylon.lua */ = {isa = PBXFileReference; lastKnownFileType = text; name = LEDCylon.lua; path = ../LEDCylon.lua; sourceTree = SOURCE_ROOT; };
		4907996F2F89AAF800BBEE73 /* LEDRace.lua */ = {isa = PBXFileReference; lastKnownFileType = text; name = LEDRace.lua; path = ../LEDRace.lua; sourceTree = SOURCE_ROOT; };
		490799702F89AAF800BBEE73 /* LEDTest.lua */ = {isa = PBXFileReference; lastKnownFileType = text; name = LEDTest.lua; path = ../LEDTest.lua; sourceTree = SOURCE_ROOT; };
		490799712F89AAF800BBEE73 /* ls.lua */ = {isa = PBXFileReference; lastKnownFileType = text; name = ls.lua; path = ../ls.lua; sourceTree = SOURCE_ROOT; };
		490799722F89AB2F00BBEE73 /* filemgr.html */ = {isa = PBXFileReference; lastKnownFileType = text.html; name = filemgr.html; path = ../filemgr.html; sourceTree = SOURCE_ROOT; };
		490799732F89AB2F00BBEE73 /* landing.html */ = {isa = PBXFileReference; lastKnownFileType = text.html; name = landing.html; path = ../landing.html; sourceTree = SOURCE_ROOT; };
		490799742F89AB2F00BBEE73 /* shell.html */ = {isa = PBXFileReference; lastKnownFileType = text.html; name = shell.html; path = ../shell.html; sourceTree = SOURCE_ROOT; };
		490799752F89AB2F00BBEE73 /* wifi.html */ = {isa = PBXFileReference; lastKnownFileType = text.html; name = wifi.html; path = ../wifi.html; sourceTree = SOURCE_ROOT; };
		490799772F89ABEA00BBEE73 /* lua.xcodeproj */ = {isa = PBXFileReference; lastKnownFileType = "wrapper.pb-project"; name = lua.xcodeproj; path = "/Users/cmarrin/Projects/git/Clocks/ESPlib/lua/lua-5.4.8/mac/lua.xcodeproj"; sourceTree = "<absolute>"; };
		491673D82EA80A0D0028A6F0 /* timing.lua */ = {isa = PBXFileReference; lastKnownFileType = text; name = timing.lua; path = ../Vesper/timing.lua; sourceTree = SOURCE_ROOT; };
		491673D92EA865290028A6F0 /* LuaManager.h */ = {isa = PBXFileReference; lastKnownFileType = sourcecode.c.h; name = LuaManager.h; path = ../LuaManager.h; sourceTree = "<group>"; };
		491673DB2EA8653D0028A6F0 /* LuaManager.cpp */ = {isa = PBXFileReference; lastKnownFileType = sourcecode.cpp.cpp; name = LuaManager.cpp; path = ../LuaManager.cpp; sourceTree = "<group>"; };
		4927442B2E9D94D000AF8FA1 /* webby */ = {isa = PBXFileReference; explicitFileType = "compiled.mach-o.executable"; includeInIndex = 0; path = webby; sourceTree = BUILT_PRODUCTS_DIR; };
		492744432E9DBF6F00AF8FA1 /* MacWebServer.cpp */ = {isa = PBXFileReference; lastKnownFileType = sourcecode.cpp.cpp; name = MacWebServer.cpp; path = ../MacWebServer.cpp; sourceTree = "<group>"; };
		492744452E9DBF9900AF8FA1 /* MacWebServer.h */ = {isa = PBXFileReference; lastKnownFileType = sourcecode.c.h; name = MacWebServer.h; path = ../MacWebServer.h; sourceTree = "<group>"; };
		492744632E9F185D00AF8FA1 /* index.html */ = {isa = PBXFileReference; lastKnownFileType = text.html; name = index.html; path = ../littlefs/index.html; sourceTree = "<group>"; };
		4934EB132F0B50460054B78E /* lua.xcodeproj */ = {isa = PBXFileReference; lastKnownFileType = "wrapper.pb-project"; name = lua.xcodeproj; path = "../lua/lua-5.4.8/mac/lua.xcodeproj"; sourceTree = SOURCE_ROOT; };
		495604962F4BA47300A665A8 /* HTTPFetchClient.h */ = {isa = PBXFileReference; lastKnownFileType = sourcecode.c.h; name = HTTPFetchClient.h; path = ../HTTPFetchClient.h; sourceTree = SOURCE_ROOT; };
		495604972F4BA47300A665A8 /* HTTPFetchClient.cpp */ = {isa = PBXFileReference; lastKnownFileType = sourcecode.cpp.cpp; name = HTTPFetchClient.cpp; path = ../HTTPFetchClient.cpp; sourceTree = SOURCE_ROOT; };
		4956130B2F4D187400A665A8 /* dns_server.h */ = {isa = PBXFileReference; lastKnownFileType = sourcecode.c.h; path = dns_server.h; sourceTree = "<group>"; };
		4956130D2F4D187400A665A8 /* CMakeLists.txt */ = {isa = PBXFileReference; lastKnownFileType = text; path = CMakeLists.txt; sourceTree = "<group>"; };
		4956130E2F4D187400A665A8 /* dns_server.c */ = {isa = PBXFileReference; lastKnownFileType = sourcecode.c.c; path = dns_server.c; sourceTree = "<group>"; };
		495613112F4D187400A665A8 /* CMakeLists.txt */ = {isa = PBXFileReference; lastKnownFileType = text; path = CMakeLists.txt; sourceTree = "<group>"; };
		495613122F4D187400A665A8 /* idf_component.yml */ = {isa = PBXFileReference; lastKnownFileType = text.yaml; path = idf_component.yml; sourceTree = "<group>"; };
		495613132F4D187400A665A8 /* main.cpp */ = {isa = PBXFileReference; lastKnownFileType = sourcecode.cpp.cpp; path = main.cpp; sourceTree = "<group>"; };
		4956142D2F4D187400A665A8 /* CMakeLists.txt */ = {isa = PBXFileReference; lastKnownFileType = text; path = CMakeLists.txt; sourceTree = "<group>"; };
		495AB4572E9C730A00C4C2C4 /* Vesper */ = {isa = PBXFileReference; explicitFileType = "compiled.mach-o.executable"; includeInIndex = 0; path = Vesper; sourceTree = BUILT_PRODUCTS_DIR; };
		495AB4652E9C753400C4C2C4 /* main.cpp */ = {isa = PBXFileReference; lastKnownFileType = sourcecode.cpp.cpp; path = main.cpp; sourceTree = "<group>"; };
		495AB46A2E9C777C00C4C2C4 /* Vesper.ino */ = {isa = PBXFileReference; explicitFileType = sourcecode.cpp.cpp; name = Vesper.ino; path = ../Vesper/Vesper.ino; sourceTree = "<group>"; };
		495AB46B2E9C77FE00C4C2C4 /* Vesper.h */ = {isa = PBXFileReference; lastKnownFileType = sourcecode.c.h; name = Vesper.h; path = ../Vesper/Vesper.h; sourceTree = SOURCE_ROOT; };
		495AB46C2E9C77FE00C4C2C4 /* Vesper.cpp */ = {isa = PBXFileReference; lastKnownFileType = sourcecode.cpp.cpp; name = Vesper.cpp; path = ../Vesper/Vesper.cpp; sourceTree = SOURCE_ROOT; };
		4968BAE52F19CAD40038B8A9 /* HTTPParser.h */ = {isa = PBXFileReference; lastKnownFileType = sourcecode.c.h; name = HTTPParser.h; path = ../HTTPParser.h; sourceTree = "<group>"; };
		4968BAE72F19CAE90038B8A9 /* HTTPParser.cpp */ = {isa = PBXFileReference; lastKnownFileType = sourcecode.cpp.cpp; name = HTTPParser.cpp; path = ../HTTPParser.cpp; sourceTree = "<group>"; };
		496D0E282F4A92FB005772FD /* libcurl.tbd */ = {isa = PBXFileReference; lastKnownFileType = "sourcecode.text-based-dylib-definition"; name = libcurl.tbd; path = usr/lib/libcurl.tbd; sourceTree = SDKROOT; };
		49B9C0D72F96BF6700E04A28 /* linenoise.h */ = {isa = PBXFileReference; lastKnownFileType = sourcecode.c.h; name = linenoise.h; path = ../linenoise.h; sourceTree = SOURCE_ROOT; };
		49B9C0D82F96BF6700E04A28 /* linenoise.c */ = {isa = PBXFileReference; lastKnownFileType = sourcecode.c.c; name = linenoise.c; path = ../linenoise.c; sourceTree = SOURCE_ROOT; };
		49D3664C2F64C56F0047CAC6 /* sdkconfig.defaults */ = {isa = PBXFileReference; lastKnownFileType = text; path = sdkconfig.defaults; sourceTree = "<group>"; };
		49D372972F65D7D90047CAC6 /* CMakeLists.txt */ = {isa = PBXFileReference; lastKnownFileType = text; path = CMakeLists.txt; sourceTree = "<group>"; };
		49D372982F65D7D90047CAC6 /* idf_component.yml */ = {isa = PBXFileReference; lastKnownFileType = text.yaml; path = idf_component.yml; sourceTree = "<group>"; };
		49D372992F65D7D90047CAC6 /* Kconfig.projbuild */ = {isa = PBXFileReference; lastKnownFileType = text; path = Kconfig.projbuild; sourceTree = "<group>"; };
		49D3729A2F65D7D90047CAC6 /* main.cpp */ = {isa = PBXFileReference; lastKnownFileType = sourcecode.cpp.cpp; path = main.cpp; sourceTree = "<group>"; };
		49D386BB2F65D7D90047CAC6 /* CMakeLists.txt */ = {isa = PBXFileReference; lastKnownFileType = text; path = CMakeLists.txt; sourceTree = "<group>"; };
		49D386BF2F65D7D90047CAC6 /* sdkconfig */ = {isa = PBXFileReference; lastKnownFileType = text; path = sdkconfig; sourceTree = "<group>"; };
		49D386C02F65D7D90047CAC6 /* sdkconfig.defaults */ = {isa = PBXFileReference; lastKnownFileType = text; path = sdkconfig.defaults; sourceTree = "<group>"; };
		49D386C52F65D7D90047CAC6 /* sdkconfig.defaults.esp32c6 */ = {isa = PBXFileReference; lastKnownFileType = text; path = sdkconfig.defaults.esp32c6; sourceTree = "<group>"; };
		49D723E62F329F1D0057DE87 /* LuaWFS.h */ = {isa = PBXFileReference; lastKnownFileType = sourcecode.c.h; name = LuaWFS.h; path = ../LuaWFS.h; sourceTree = "<group>"; };
		49D723E82F329F2D0057DE87 /* LuaWFS.cpp */ = {isa = PBXFileReference; lastKnownFileType = sourcecode.cpp.cpp; name = LuaWFS.cpp; path = ../LuaWFS.cpp; sourceTree = "<group>"; };
		49DBBCDB2F5B546B001930A0 /* libtelnet.h */ = {isa = PBXFileReference; lastKnownFileType = sourcecode.c.h; name = libtelnet.h; path = ../libtelnet.h; sourceTree = SOURCE_ROOT; };
		49DBBCDC2F5B546B001930A0 /* libtelnet.c */ = {isa = PBXFileReference; lastKnownFileType = sourcecode.c.c; name = libtelnet.c; path = ../libtelnet.c; sourceTree = SOURCE_ROOT; };
		49DDC7E12F6EF7C300E5AAA1 /* partitions-4mb.csv */ = {isa = PBXFileReference; lastKnownFileType = text; path = "partitions-4mb.csv"; sourceTree = "<group>"; };
		49DDC7E22F6EF7C300E5AAA1 /* partitions-16mb.csv */ = {isa = PBXFileReference; lastKnownFileType = text; path = "partitions-16mb.csv"; sourceTree = "<group>"; };
		49DDC7E32F6EF7C300E5AAA1 /* sdkconfig */ = {isa = PBXFileReference; lastKnownFileType = text; path = sdkconfig; sourceTree = "<group>"; };
		49DDC7E42F6EF7C300E5AAA1 /* sdkconfig.defaults.esp32 */ = {isa = PBXFileReference; lastKnownFileType = text; path = sdkconfig.defaults.esp32; sourceTree = "<group>"; };
		49DDC7E52F6EF7C300E5AAA1 /* sdkconfig.defaults.esp32c6 */ = {isa = PBXFileReference; lastKnownFileType = text; path = sdkconfig.defaults.esp32c6; sourceTree = "<group>"; };
		49E65B012E9C36F800D3C6C5 /* libESPlib.a */ = {isa = PBXFileReference; explicitFileType = archive.ar; includeInIndex = 0; path = libESPlib.a; sourceTree = BUILT_PRODUCTS_DIR; };
		49E65B632E9C3A7600D3C6C5 /* Application.h */ = {isa = PBXFileReference; lastKnownFileType = sourcecode.c.h; name = Application.h; path = ../Application.h; sourceTree = SOURCE_ROOT; };
		49E65B642E9C3A7600D3C6C5 /* Application.cpp */ = {isa = PBXFileReference; lastKnownFileType = sourcecode.cpp.cpp; name = Application.cpp; path = ../Application.cpp; sourceTree = SOURCE_ROOT; };
		49E65B652E9C3A7600D3C6C5 /* Blinker.h */ = {isa = PBXFileReference; lastKnownFileType = sourcecode.c.h; name = Blinker.h; path = ../Blinker.h; sourceTree = SOURCE_ROOT; };
		49E65B662E9C3A7600D3C6C5 /* BrightnessManager.h */ = {isa = PBXFileReference; lastKnownFileType = sourcecode.c.h; name = BrightnessManager.h; path = ../BrightnessManager.h; sourceTree = SOURCE_ROOT; };
		49E65B672E9C3A7600D3C6C5 /* BrightnessManager.cpp */ = {isa = PBXFileReference; lastKnownFileType = sourcecode.cpp.cpp; name = BrightnessManager.cpp; path = ../BrightnessManager.cpp; sourceTree = SOURCE_ROOT; };
		49E65B682E9C3A7600D3C6C5 /* ButtonManager.h */ = {isa = PBXFileReference; lastKnownFileType = sourcecode.c.h; name = ButtonManager.h; path = ../ButtonManager.h; sourceTree = SOURCE_ROOT; };
		49E65B692E9C3A7600D3C6C5 /* ButtonManager.cpp */ = {isa = PBXFileReference; lastKnownFileType = sourcecode.cpp.cpp; name = ButtonManager.cpp; path = ../ButtonManager.cpp; sourceTree = SOURCE_ROOT; };
		49E65B6A2E9C3A7600D3C6C5 /* Clock.h */ = {isa = PBXFileReference; lastKnownFileType = sourcecode.c.h; name = Clock.h; path = ../Clock.h; sourceTree = SOURCE_ROOT; };
		49E65B6B2E9C3A7600D3C6C5 /* Clock.cpp */ = {isa = PBXFileReference; lastKnownFileType = sourcecode.cpp.cpp; name = Clock.cpp; path = ../Clock.cpp; sourceTree = SOURCE_ROOT; };
		49E65B6C2E9C3A7600D3C6C5 /* DSP7S04B.h */ = {isa = PBXFileReference; lastKnownFileType = sourcecode.c.h; name = DSP7S04B.h; path = ../DSP7S04B.h; sourceTree = SOURCE_ROOT; };
		49E65B6D2E9C3A7600D3C6C5 /* DSP7S04B.cpp */ = {isa = PBXFileReference; lastKnownFileType = sourcecode.cpp.cpp; name = DSP7S04B.cpp; path = ../DSP7S04B.cpp; sourceTree = SOURCE_ROOT; };
		49E65B742E9C3A7600D3C6C5 /* Font_8x8_8pt.h */ = {isa = PBXFileReference; lastKnownFileType = sourcecode.c.h; name = Font_8x8_8pt.h; path = ../Font_8x8_8pt.h; sourceTree = SOURCE_ROOT; };
		49E65B752E9C3A7600D3C6C5 /* Font_Compact_5pt.h */ = {isa = PBXFileReference; lastKnownFileType = sourcecode.c.h; name = Font_Compact_5pt.h; path = ../Font_Compact_5pt.h; sourceTree = SOURCE_ROOT; };
		49E65B782E9C3A7600D3C6C5 /* JsonListener.h */ = {isa = PBXFileReference; lastKnownFileType = sourcecode.c.h; name = JsonListener.h; path = ../JsonListener.h; sourceTree = SOURCE_ROOT; };
		49E65B792E9C3A7600D3C6C5 /* JsonStreamingParser.h */ = {isa = PBXFileReference; lastKnownFileType = sourcecode.c.h; name = JsonStreamingParser.h; path = ../JsonStreamingParser.h; sourceTree = SOURCE_ROOT; };
		49E65B7A2E9C3A7600D3C6C5 /* JsonStreamingParser.cpp */ = {isa = PBXFileReference; lastKnownFileType = sourcecode.cpp.cpp; name = JsonStreamingParser.cpp; path = ../JsonStreamingParser.cpp; sourceTree = SOURCE_ROOT; };
		49E65B7C2E9C3A7600D3C6C5 /* LittleFSShim.h */ = {isa = PBXFileReference; lastKnownFileType = sourcecode.c.h; name = LittleFSShim.h; path = ../LittleFSShim.h; sourceTree = SOURCE_ROOT; };
		49E65B7D2E9C3A7600D3C6C5 /* LittleFSShim.cpp */ = {isa = PBXFileReference; lastKnownFileType = sourcecode.cpp.cpp; name = LittleFSShim.cpp; path = ../LittleFSShim.cpp; sourceTree = SOURCE_ROOT; };
		49E65B7E2E9C3A7600D3C6C5 /* Max7219Display.h */ = {isa = PBXFileReference; lastKnownFileType = sourcecode.c.h; name = Max7219Display.h; path = ../Max7219Display.h; sourceTree = SOURCE_ROOT; };
		49E65B7F2E9C3A7600D3C6C5 /* Max7219Display.cpp */ = {isa = PBXFileReference; lastKnownFileType = sourcecode.cpp.cpp; name = Max7219Display.cpp; path = ../Max7219Display.cpp; sourceTree = SOURCE_ROOT; };
		49E65B802E9C3A7600D3C6C5 /* MenuSystem.h */ = {isa = PBXFileReference; lastKnownFileType = sourcecode.c.h; name = MenuSystem.h; path = ../MenuSystem.h; sourceTree = SOURCE_ROOT; };
		49E65B812E9C3A7600D3C6C5 /* MenuSystem.cpp */ = {isa = PBXFileReference; lastKnownFileType = sourcecode.cpp.cpp; name = MenuSystem.cpp; path = ../MenuSystem.cpp; sourceTree = SOURCE_ROOT; };
		49E65B822E9C3A7600D3C6C5 /* mil.h */ = {isa = PBXFileReference; lastKnownFileType = sourcecode.c.h; name = mil.h; path = ../mil.h; sourceTree = SOURCE_ROOT; };
		49E65B842E9C3A7600D3C6C5 /* StateMachine.h */ = {isa = PBXFileReference; lastKnownFileType = sourcecode.c.h; name = StateMachine.h; path = ../StateMachine.h; sourceTree = SOURCE_ROOT; };
		49E65B862E9C3A7600D3C6C5 /* System.h */ = {isa = PBXFileReference; lastKnownFileType = sourcecode.c.h; name = System.h; path = ../System.h; sourceTree = SOURCE_ROOT; };
		49E65B872E9C3A7600D3C6C5 /* System.cpp */ = {isa = PBXFileReference; lastKnownFileType = sourcecode.cpp.cpp; name = System.cpp; path = ../System.cpp; sourceTree = SOURCE_ROOT; };
		49E65B882E9C3A7600D3C6C5 /* TimeWeatherServer.h */ = {isa = PBXFileReference; lastKnownFileType = sourcecode.c.h; name = TimeWeatherServer.h; path = ../TimeWeatherServer.h; sourceTree = SOURCE_ROOT; };
		49E65B892E9C3A7600D3C6C5 /* TimeWeatherServer.cpp */ = {isa = PBXFileReference; lastKnownFileType = sourcecode.cpp.cpp; name = TimeWeatherServer.cpp; path = ../TimeWeatherServer.cpp; sourceTree = SOURCE_ROOT; };
		49E65B8A2E9C3A7600D3C6C5 /* WebFileSystem.h */ = {isa = PBXFileReference; lastKnownFileType = sourcecode.c.h; name = WebFileSystem.h; path = ../WebFileSystem.h; sourceTree = SOURCE_ROOT; };
		49E65B8B2E9C3A7600D3C6C5 /* WebFileSystem.cpp */ = {isa = PBXFileReference; lastKnownFileType = sourcecode.cpp.cpp; name = WebFileSystem.cpp; path = ../WebFileSystem.cpp; sourceTree = SOURCE_ROOT; };
		49E65B8C2E9C3A7600D3C6C5 /* Shell.h */ = {isa = PBXFileReference; lastKnownFileType = sourcecode.c.h; name = Shell.h; path = ../Shell.h; sourceTree = SOURCE_ROOT; };
		49E65B8D2E9C3A7600D3C6C5 /* Shell.cpp */ = {isa = PBXFileReference; lastKnownFileType = sourcecode.cpp.cpp; name = Shell.cpp; path = ../Shell.cpp; sourceTree = SOURCE_ROOT; };
		49E65B8E2E9C3A7600D3C6C5 /* WiFiPortal.h */ = {isa = PBXFileReference; lastKnownFileType = sourcecode.c.h; name = WiFiPortal.h; path = ../WiFiPortal.h; sourceTree = SOURCE_ROOT; };
		49FDEBA72F606CEF001D6A6A /* Graphics.h */ = {isa = PBXFileReference; lastKnownFileType = sourcecode.c.h; name = Graphics.h; path = ../Graphics.h; sourceTree = "<group>"; };
		49FDEBA82F606CEF001D6A6A /* Graphics.cpp */ = {isa = PBXFileReference; lastKnownFileType = sourcecode.cpp.cpp; name = Graphics.cpp; path = ../Graphics.cpp; sourceTree = "<group>"; };
/* End PBXFileReference section */

/* Begin PBXFrameworksBuildPhase section */
		492744282E9D94D000AF8FA1 /* Frameworks */ = {
			isa = PBXFrameworksBuildPhase;
			buildActionMask = 2147483647;
			files = (
				492744492E9DC41800AF8FA1 /* libESPlib.a in Frameworks */,
			);
			runOnlyForDeploymentPostprocessing = 0;
		};
		495AB4542E9C730A00C4C2C4 /* Frameworks */ = {
			isa = PBXFrameworksBuildPhase;
			buildActionMask = 2147483647;
			files = (
				496D0E292F4A92FB005772FD /* libcurl.tbd in Frameworks */,
				495AB4712E9C7BE800C4C2C4 /* libESPlib.a in Frameworks */,
			);
			runOnlyForDeploymentPostprocessing = 0;
		};
		49E65AFF2E9C36F800D3C6C5 /* Frameworks */ = {
			isa = PBXFrameworksBuildPhase;
			buildActionMask = 2147483647;
			files = (
				4907997F2F89ABF500BBEE73 /* liblua.a in Frameworks */,
			);
			runOnlyForDeploymentPostprocessing = 0;
		};
/* End PBXFrameworksBuildPhase section */

/* Begin PBXGroup section */
		490799602F89A8CB00BBEE73 /* HTML */ = {
			isa = PBXGroup;
			children = (
				490799722F89AB2F00BBEE73 /* filemgr.html */,
				490799732F89AB2F00BBEE73 /* landing.html */,
				490799742F89AB2F00BBEE73 /* shell.html */,
				490799752F89AB2F00BBEE73 /* wifi.html */,
			);
			name = HTML;
			sourceTree = "<group>";
		};
		490799612F89A8D500BBEE73 /* Lua */ = {
			isa = PBXGroup;
			children = (
				4907996D2F89AAF800BBEE73 /* getopt.lua */,
				4907996E2F89AAF800BBEE73 /* LEDCylon.lua */,
				4907996F2F89AAF800BBEE73 /* LEDRace.lua */,
				490799702F89AAF800BBEE73 /* LEDTest.lua */,
				490799712F89AAF800BBEE73 /* ls.lua */,
			);
			name = Lua;
			sourceTree = "<group>";
		};
		490799622F89A8E100BBEE73 /* Scripts */ = {
			isa = PBXGroup;
			children = (
				4907996A2F89AAC000BBEE73 /* cvtHTML.sh */,
				4907996B2F89AAC000BBEE73 /* instcoo.sh */,
				4907996C2F89AAC000BBEE73 /* instlcl.sh */,
			);
			name = Scripts;
			sourceTree = "<group>";
		};
		490799632F89A90400BBEE73 /* Platform */ = {
			isa = PBXGroup;
			children = (
				490799662F89AA2B00BBEE73 /* IDFWiFiPortal.h */,
				490799672F89AA2B00BBEE73 /* IDFWiFiPortal.cpp */,
				490799682F89AA2B00BBEE73 /* MacWiFiPortal.h */,
				490799692F89AA2B00BBEE73 /* MacWiFiPortal.cpp */,
				490799642F89A9FE00BBEE73 /* ESPWiFiPortal.h */,
				490799652F89A9FE00BBEE73 /* ESPWiFiPortal.cpp */,
				492744432E9DBF6F00AF8FA1 /* MacWebServer.cpp */,
				492744452E9DBF9900AF8FA1 /* MacWebServer.h */,
			);
			name = Platform;
			sourceTree = "<group>";
		};
		490799782F89ABEA00BBEE73 /* Products */ = {
			isa = PBXGroup;
			children = (
				4907997E2F89ABEB00BBEE73 /* liblua.a */,
			);
			name = Products;
			sourceTree = "<group>";
		};
		4956130C2F4D187400A665A8 /* include */ = {
			isa = PBXGroup;
			children = (
				4956130B2F4D187400A665A8 /* dns_server.h */,
			);
			path = include;
			sourceTree = "<group>";
		};
		4956130F2F4D187400A665A8 /* dns_server */ = {
			isa = PBXGroup;
			children = (
				4956130C2F4D187400A665A8 /* include */,
				4956130D2F4D187400A665A8 /* CMakeLists.txt */,
				4956130E2F4D187400A665A8 /* dns_server.c */,
			);
			path = dns_server;
			sourceTree = "<group>";
		};
		495613102F4D187400A665A8 /* components */ = {
			isa = PBXGroup;
			children = (
				4956130F2F4D187400A665A8 /* dns_server */,
			);
			path = components;
			sourceTree = "<group>";
		};
		495613142F4D187400A665A8 /* main */ = {
			isa = PBXGroup;
			children = (
				495613112F4D187400A665A8 /* CMakeLists.txt */,
				495613122F4D187400A665A8 /* idf_component.yml */,
				495613132F4D187400A665A8 /* main.cpp */,
			);
			path = main;
			sourceTree = "<group>";
		};
		495614332F4D187400A665A8 /* espidf */ = {
			isa = PBXGroup;
			children = (
				49DDC7E12F6EF7C300E5AAA1 /* partitions-4mb.csv */,
				49DDC7E22F6EF7C300E5AAA1 /* partitions-16mb.csv */,
				49DDC7E32F6EF7C300E5AAA1 /* sdkconfig */,
				49DDC7E42F6EF7C300E5AAA1 /* sdkconfig.defaults.esp32 */,
				49DDC7E52F6EF7C300E5AAA1 /* sdkconfig.defaults.esp32c6 */,
				49D3664C2F64C56F0047CAC6 /* sdkconfig.defaults */,
				495613102F4D187400A665A8 /* components */,
				495613142F4D187400A665A8 /* main */,
				4956142D2F4D187400A665A8 /* CMakeLists.txt */,
			);
			name = espidf;
			path = ../Vesper/espidf;
			sourceTree = SOURCE_ROOT;
		};
		495AB4692E9C756400C4C2C4 /* Vesper */ = {
			isa = PBXGroup;
			children = (
				49D386CB2F65D7D90047CAC6 /* arduino */,
				495614332F4D187400A665A8 /* espidf */,
				491673D82EA80A0D0028A6F0 /* timing.lua */,
				492744632E9F185D00AF8FA1 /* index.html */,
				495AB46B2E9C77FE00C4C2C4 /* Vesper.h */,
				495AB46C2E9C77FE00C4C2C4 /* Vesper.cpp */,
				495AB46A2E9C777C00C4C2C4 /* Vesper.ino */,
				495AB4652E9C753400C4C2C4 /* main.cpp */,
			);
			name = Vesper;
			sourceTree = "<group>";
		};
		495AB4702E9C7BE800C4C2C4 /* Frameworks */ = {
			isa = PBXGroup;
			children = (
				496D0E282F4A92FB005772FD /* libcurl.tbd */,
			);
			name = Frameworks;
			sourceTree = "<group>";
		};
		4975429F2F89C56E004BED08 /* Products */ = {
			isa = PBXGroup;
			children = (
			);
			name = Products;
			sourceTree = "<group>";
		};
		49D3729B2F65D7D90047CAC6 /* main */ = {
			isa = PBXGroup;
			children = (
				49D372972F65D7D90047CAC6 /* CMakeLists.txt */,
				49D372982F65D7D90047CAC6 /* idf_component.yml */,
				49D372992F65D7D90047CAC6 /* Kconfig.projbuild */,
				49D3729A2F65D7D90047CAC6 /* main.cpp */,
			);
			path = main;
			sourceTree = "<group>";
		};
		49D386CB2F65D7D90047CAC6 /* arduino */ = {
			isa = PBXGroup;
			children = (
				49D3729B2F65D7D90047CAC6 /* main */,
				49D386BB2F65D7D90047CAC6 /* CMakeLists.txt */,
				49D386BF2F65D7D90047CAC6 /* sdkconfig */,
				49D386C02F65D7D90047CAC6 /* sdkconfig.defaults */,
				49D386C52F65D7D90047CAC6 /* sdkconfig.defaults.esp32c6 */,
			);
			name = arduino;
			path = ../Vesper/arduino;
			sourceTree = SOURCE_ROOT;
		};
		49E65AF82E9C36F800D3C6C5 = {
			isa = PBXGroup;
			children = (
				4934EB132F0B50460054B78E /* lua.xcodeproj */,
				490799622F89A8E100BBEE73 /* Scripts */,
				490799612F89A8D500BBEE73 /* Lua */,
				490799602F89A8CB00BBEE73 /* HTML */,
				49E65B632E9C3A7600D3C6C5 /* Application.h */,
				49E65B642E9C3A7600D3C6C5 /* Application.cpp */,
				49E65B652E9C3A7600D3C6C5 /* Blinker.h */,
				49E65B662E9C3A7600D3C6C5 /* BrightnessManager.h */,
				49E65B672E9C3A7600D3C6C5 /* BrightnessManager.cpp */,
				49E65B682E9C3A7600D3C6C5 /* ButtonManager.h */,
				49E65B692E9C3A7600D3C6C5 /* ButtonManager.cpp */,
				49E65B6A2E9C3A7600D3C6C5 /* Clock.h */,
				49E65B6B2E9C3A7600D3C6C5 /* Clock.cpp */,
				49E65B6C2E9C3A7600D3C6C5 /* DSP7S04B.h */,
				49E65B6D2E9C3A7600D3C6C5 /* DSP7S04B.cpp */,
				49E65B742E9C3A7600D3C6C5 /* Font_8x8_8pt.h */,
				49E65B752E9C3A7600D3C6C5 /* Font_Compact_5pt.h */,
				49FDEBA72F606CEF001D6A6A /* Graphics.h */,
				49FDEBA82F606CEF001D6A6A /* Graphics.cpp */,
				495604962F4BA47300A665A8 /* HTTPFetchClient.h */,
				495604972F4BA47300A665A8 /* HTTPFetchClient.cpp */,
				4968BAE52F19CAD40038B8A9 /* HTTPParser.h */,
				4968BAE72F19CAE90038B8A9 /* HTTPParser.cpp */,
				49E65B782E9C3A7600D3C6C5 /* JsonListener.h */,
				49E65B792E9C3A7600D3C6C5 /* JsonStreamingParser.h */,
				49E65B7A2E9C3A7600D3C6C5 /* JsonStreamingParser.cpp */,
				49DBBCDB2F5B546B001930A0 /* libtelnet.h */,
				49DBBCDC2F5B546B001930A0 /* libtelnet.c */,
				49B9C0D72F96BF6700E04A28 /* linenoise.h */,
				49B9C0D82F96BF6700E04A28 /* linenoise.c */,
				49E65B7C2E9C3A7600D3C6C5 /* LittleFSShim.h */,
				49E65B7D2E9C3A7600D3C6C5 /* LittleFSShim.cpp */,
				491673D92EA865290028A6F0 /* LuaManager.h */,
				491673DB2EA8653D0028A6F0 /* LuaManager.cpp */,
				49D723E62F329F1D0057DE87 /* LuaWFS.h */,
				49D723E82F329F2D0057DE87 /* LuaWFS.cpp */,
				49E65B7E2E9C3A7600D3C6C5 /* Max7219Display.h */,
				49E65B7F2E9C3A7600D3C6C5 /* Max7219Display.cpp */,
				49E65B802E9C3A7600D3C6C5 /* MenuSystem.h */,
				49E65B812E9C3A7600D3C6C5 /* MenuSystem.cpp */,
				49E65B822E9C3A7600D3C6C5 /* mil.h */,
				49E65B8C2E9C3A7600D3C6C5 /* Shell.h */,
				49E65B8D2E9C3A7600D3C6C5 /* Shell.cpp */,
				49E65B842E9C3A7600D3C6C5 /* StateMachine.h */,
				49E65B862E9C3A7600D3C6C5 /* System.h */,
				49E65B872E9C3A7600D3C6C5 /* System.cpp */,
				49E65B882E9C3A7600D3C6C5 /* TimeWeatherServer.h */,
				49E65B892E9C3A7600D3C6C5 /* TimeWeatherServer.cpp */,
				49E65B8A2E9C3A7600D3C6C5 /* WebFileSystem.h */,
				49E65B8B2E9C3A7600D3C6C5 /* WebFileSystem.cpp */,
				49E65B8E2E9C3A7600D3C6C5 /* WiFiPortal.h */,
				490799632F89A90400BBEE73 /* Platform */,
				495AB4692E9C756400C4C2C4 /* Vesper */,
				495AB4702E9C7BE800C4C2C4 /* Frameworks */,
				49E65B022E9C36F800D3C6C5 /* Products */,
				490799772F89ABEA00BBEE73 /* lua.xcodeproj */,
			);
			sourceTree = "<group>";
		};
		49E65B022E9C36F800D3C6C5 /* Products */ = {
			isa = PBXGroup;
			children = (
				49E65B012E9C36F800D3C6C5 /* libESPlib.a */,
				495AB4572E9C730A00C4C2C4 /* Vesper */,
				4927442B2E9D94D000AF8FA1 /* webby */,
			);
			name = Products;
			sourceTree = "<group>";
		};
/* End PBXGroup section */

/* Begin PBXHeadersBuildPhase section */
		49E65AFD2E9C36F800D3C6C5 /* Headers */ = {
			isa = PBXHeadersBuildPhase;
			buildActionMask = 2147483647;
			files = (
				491673DA2EA865380028A6F0 /* LuaManager.h in Headers */,
				49E65B902E9C3A7600D3C6C5 /* Font_8x8_8pt.h in Headers */,
				49E65B912E9C3A7600D3C6C5 /* Font_Compact_5pt.h in Headers */,
				49E65B932E9C3A7600D3C6C5 /* Blinker.h in Headers */,
				49E65B942E9C3A7600D3C6C5 /* mil.h in Headers */,
				49E65B962E9C3A7600D3C6C5 /* Shell.h in Headers */,
				49D723E72F329F270057DE87 /* LuaWFS.h in Headers */,
				4968BAE62F19CAE00038B8A9 /* HTTPParser.h in Headers */,
				49E65B982E9C3A7600D3C6C5 /* WiFiPortal.h in Headers */,
				49FDEBAA2F606CEF001D6A6A /* Graphics.h in Headers */,
				49E65B992E9C3A7600D3C6C5 /* Clock.h in Headers */,
				49E65B9B2E9C3A7600D3C6C5 /* StateMachine.h in Headers */,
				49E65B9C2E9C3A7600D3C6C5 /* TimeWeatherServer.h in Headers */,
				49E65B9E2E9C3A7600D3C6C5 /* BrightnessManager.h in Headers */,
				49E65BA02E9C3A7600D3C6C5 /* ButtonManager.h in Headers */,
				49E65BA12E9C3A7600D3C6C5 /* Application.h in Headers */,
				49E65BA22E9C3A7600D3C6C5 /* JsonStreamingParser.h in Headers */,
				49E65BA32E9C3A7600D3C6C5 /* System.h in Headers */,
				49DBBCDD2F5B546B001930A0 /* libtelnet.h in Headers */,
				49E65BA42E9C3A7600D3C6C5 /* JsonListener.h in Headers */,
				49E65BA52E9C3A7600D3C6C5 /* LittleFSShim.h in Headers */,
				492744462E9DBFA100AF8FA1 /* MacWebServer.h in Headers */,
				49E65BA72E9C3A7600D3C6C5 /* WebFileSystem.h in Headers */,
				49B9C0DA2F96BF6700E04A28 /* linenoise.h in Headers */,
				495604982F4BA47300A665A8 /* HTTPFetchClient.h in Headers */,
			);
			runOnlyForDeploymentPostprocessing = 0;
		};
/* End PBXHeadersBuildPhase section */

/* Begin PBXNativeTarget section */
		4927442A2E9D94D000AF8FA1 /* webby */ = {
			isa = PBXNativeTarget;
			buildConfigurationList = 4927442F2E9D94D000AF8FA1 /* Build configuration list for PBXNativeTarget "webby" */;
			buildPhases = (
				492744272E9D94D000AF8FA1 /* Sources */,
				492744282E9D94D000AF8FA1 /* Frameworks */,
				492744292E9D94D000AF8FA1 /* CopyFiles */,
			);
			buildRules = (
			);
			dependencies = (
				492744482E9DC40F00AF8FA1 /* PBXTargetDependency */,
			);
			name = webby;
			packageProductDependencies = (
			);
			productName = webby;
			productReference = 4927442B2E9D94D000AF8FA1 /* webby */;
			productType = "com.apple.product-type.tool";
		};
		495AB4562E9C730A00C4C2C4 /* Vesper */ = {
			isa = PBXNativeTarget;
			buildConfigurationList = 495AB45D2E9C730A00C4C2C4 /* Build configuration list for PBXNativeTarget "Vesper" */;
			buildPhases = (
				495AB4532E9C730A00C4C2C4 /* Sources */,
				495AB4542E9C730A00C4C2C4 /* Frameworks */,
				495AB4552E9C730A00C4C2C4 /* CopyFiles */,
			);
			buildRules = (
			);
			dependencies = (
				495AB4682E9C753D00C4C2C4 /* PBXTargetDependency */,
			);
			name = Vesper;
			packageProductDependencies = (
			);
			productName = Vesper;
			productReference = 495AB4572E9C730A00C4C2C4 /* Vesper */;
			productType = "com.apple.product-type.tool";
		};
		49E65B002E9C36F800D3C6C5 /* ESPlib */ = {
			isa = PBXNativeTarget;
			buildConfigurationList = 49E65B052E9C36F800D3C6C5 /* Build configuration list for PBXNativeTarget "ESPlib" */;
			buildPhases = (
				492744652EA03A4300AF8FA1 /* Run Script */,
				49E65AFD2E9C36F800D3C6C5 /* Headers */,
				49E65AFE2E9C36F800D3C6C5 /* Sources */,
				49E65AFF2E9C36F800D3C6C5 /* Frameworks */,
			);
			buildRules = (
			);
			dependencies = (
				4907997B2F89ABEA00BBEE73 /* PBXTargetDependency */,
			);
			name = ESPlib;
			packageProductDependencies = (
			);
			productName = ESPlib;
			productReference = 49E65B012E9C36F800D3C6C5 /* libESPlib.a */;
			productType = "com.apple.product-type.library.static";
		};
/* End PBXNativeTarget section */

/* Begin PBXProject section */
		49E65AF92E9C36F800D3C6C5 /* Project object */ = {
			isa = PBXProject;
			attributes = {
				BuildIndependentTargetsInParallel = 1;
				LastUpgradeCheck = 2620;
				TargetAttributes = {
					4927442A2E9D94D000AF8FA1 = {
						CreatedOnToolsVersion = 26.0.1;
					};
					495AB4562E9C730A00C4C2C4 = {
						CreatedOnToolsVersion = 26.0.1;
					};
					49E65B002E9C36F800D3C6C5 = {
						CreatedOnToolsVersion = 26.0.1;
					};
				};
			};
			buildConfigurationList = 49E65AFC2E9C36F800D3C6C5 /* Build configuration list for PBXProject "ESPlib" */;
			developmentRegion = en;
			hasScannedForEncodings = 0;
			knownRegions = (
				en,
				Base,
			);
			mainGroup = 49E65AF82E9C36F800D3C6C5;
			minimizedProjectReferenceProxies = 1;
			preferredProjectObjectVersion = 77;
			productRefGroup = 49E65B022E9C36F800D3C6C5 /* Products */;
			projectDirPath = "";
			projectReferences = (
				{
					ProductGroup = 4975429F2F89C56E004BED08 /* Products */;
					ProjectRef = 4934EB132F0B50460054B78E /* lua.xcodeproj */;
				},
				{
					ProductGroup = 490799782F89ABEA00BBEE73 /* Products */;
					ProjectRef = 490799772F89ABEA00BBEE73 /* lua.xcodeproj */;
				},
			);
			projectRoot = "";
			targets = (
				495AB4562E9C730A00C4C2C4 /* Vesper */,
				49E65B002E9C36F800D3C6C5 /* ESPlib */,
				4927442A2E9D94D000AF8FA1 /* webby */,
			);
		};
/* End PBXProject section */

/* Begin PBXReferenceProxy section */
		4907997E2F89ABEB00BBEE73 /* liblua.a */ = {
			isa = PBXReferenceProxy;
			fileType = archive.ar;
			path = liblua.a;
			remoteRef = 4907997D2F89ABEB00BBEE73 /* PBXContainerItemProxy */;
			sourceTree = BUILT_PRODUCTS_DIR;
		};
/* End PBXReferenceProxy section */

/* Begin PBXShellScriptBuildPhase section */
		492744652EA03A4300AF8FA1 /* Run Script */ = {
			isa = PBXShellScriptBuildPhase;
			alwaysOutOfDate = 1;
			buildActionMask = 2147483647;
			files = (
			);
			inputFileListPaths = (
			);
			inputPaths = (
			);
			name = "Run Script";
			outputFileListPaths = (
			);
			outputPaths = (
			);
			runOnlyForDeploymentPostprocessing = 0;
			shellPath = /bin/sh;
			shellScript = "cd ..\nbash cvtHTML.sh\n";
		};
/* End PBXShellScriptBuildPhase section */

/* Begin PBXSourcesBuildPhase section */
		492744272E9D94D000AF8FA1 /* Sources */ = {
			isa = PBXSourcesBuildPhase;
			buildActionMask = 2147483647;
			files = (
			);
			runOnlyForDeploymentPostprocessing = 0;
		};
		495AB4532E9C730A00C4C2C4 /* Sources */ = {
			isa = PBXSourcesBuildPhase;
			buildActionMask = 2147483647;
			files = (
				495AB46D2E9C77FE00C4C2C4 /* Vesper.cpp in Sources */,
				495AB4662E9C753400C4C2C4 /* main.cpp in Sources */,
			);
			runOnlyForDeploymentPostprocessing = 0;
		};
		49E65AFE2E9C36F800D3C6C5 /* Sources */ = {
			isa = PBXSourcesBuildPhase;
			buildActionMask = 2147483647;
			files = (
				49E65BA82E9C3A7600D3C6C5 /* Shell.cpp in Sources */,
				49E65BAA2E9C3A7600D3C6C5 /* TimeWeatherServer.cpp in Sources */,
				4968BAE82F19CAEB0038B8A9 /* HTTPParser.cpp in Sources */,
				49E65BAD2E9C3A7600D3C6C5 /* LittleFSShim.cpp in Sources */,
				497554F52F8B167B004BED08 /* DSP7S04B.cpp in Sources */,
				49E65BAE2E9C3A7600D3C6C5 /* BrightnessManager.cpp in Sources */,
				49E65BAF2E9C3A7600D3C6C5 /* WebFileSystem.cpp in Sources */,
				492744442E9DBF6F00AF8FA1 /* MacWebServer.cpp in Sources */,
				49D723EA2F329FFC0057DE87 /* LuaWFS.cpp in Sources */,
				49E65BB02E9C3A7600D3C6C5 /* ButtonManager.cpp in Sources */,
				49FDEBA92F606CEF001D6A6A /* Graphics.cpp in Sources */,
				49E65BB12E9C3A7600D3C6C5 /* Clock.cpp in Sources */,
				49B9C0D92F96BF6700E04A28 /* linenoise.c in Sources */,
				49DBBCDE2F5B546B001930A0 /* libtelnet.c in Sources */,
				49F81A232F60D3F0006B36FE /* Max7219Display.cpp in Sources */,
				49E65BB22E9C3A7600D3C6C5 /* System.cpp in Sources */,
				490799762F89ABCA00BBEE73 /* MacWiFiPortal.cpp in Sources */,
				491673DC2EA865410028A6F0 /* LuaManager.cpp in Sources */,
				49E65BB32E9C3A7600D3C6C5 /* Application.cpp in Sources */,
				495604992F4BA47300A665A8 /* HTTPFetchClient.cpp in Sources */,
				49E65BB42E9C3A7600D3C6C5 /* JsonStreamingParser.cpp in Sources */,
			);
			runOnlyForDeploymentPostprocessing = 0;
		};
/* End PBXSourcesBuildPhase section */

/* Begin PBXTargetDependency section */
		4907997B2F89ABEA00BBEE73 /* PBXTargetDependency */ = {
			isa = PBXTargetDependency;
			name = lua;
			targetProxy = 4907997A2F89ABEA00BBEE73 /* PBXContainerItemProxy */;
		};
		492744482E9DC40F00AF8FA1 /* PBXTargetDependency */ = {
			isa = PBXTargetDependency;
			target = 49E65B002E9C36F800D3C6C5 /* ESPlib */;
			targetProxy = 492744472E9DC40F00AF8FA1 /* PBXContainerItemProxy */;
		};
		495AB4682E9C753D00C4C2C4 /* PBXTargetDependency */ = {
			isa = PBXTargetDependency;
			target = 49E65B002E9C36F800D3C6C5 /* ESPlib */;
			targetProxy = 495AB4672E9C753D00C4C2C4 /* PBXContainerItemProxy */;
		};
/* End PBXTargetDependency section */

/* Begin XCBuildConfiguration section */
		492744302E9D94D000AF8FA1 /* Debug */ = {
			isa = XCBuildConfiguration;
			buildSettings = {
				CODE_SIGN_STYLE = Automatic;
				DEAD_CODE_STRIPPING = YES;
				PRODUCT_NAME = "$(TARGET_NAME)";
			};
			name = Debug;
		};
		492744312E9D94D000AF8FA1 /* Release */ = {
			isa = XCBuildConfiguration;
			buildSettings = {
				CODE_SIGN_STYLE = Automatic;
				DEAD_CODE_STRIPPING = YES;
				PRODUCT_NAME = "$(TARGET_NAME)";
			};
			name = Release;
		};
		495AB45B2E9C730A00C4C2C4 /* Debug */ = {
			isa = XCBuildConfiguration;
			buildSettings = {
				CODE_SIGN_STYLE = Automatic;
				DEAD_CODE_STRIPPING = YES;
				HEADER_SEARCH_PATHS = "$(CONFIGURATION_BUILD_DIR)/usr/local/include";
				PRODUCT_NAME = "$(TARGET_NAME)";
			};
			name = Debug;
		};
		495AB45C2E9C730A00C4C2C4 /* Release */ = {
			isa = XCBuildConfiguration;
			buildSettings = {
				CODE_SIGN_STYLE = Automatic;
				DEAD_CODE_STRIPPING = YES;
				HEADER_SEARCH_PATHS = "$(CONFIGURATION_BUILD_DIR)/usr/local/include";
				PRODUCT_NAME = "$(TARGET_NAME)";
			};
			name = Release;
		};
		49E65B032E9C36F800D3C6C5 /* Debug */ = {
			isa = XCBuildConfiguration;
			buildSettings = {
				ALWAYS_SEARCH_USER_PATHS = NO;
				ASSETCATALOG_COMPILER_GENERATE_SWIFT_ASSET_SYMBOL_EXTENSIONS = YES;
				CLANG_ANALYZER_NONNULL = YES;
				CLANG_ANALYZER_NUMBER_OBJECT_CONVERSION = YES_AGGRESSIVE;
				CLANG_CXX_LANGUAGE_STANDARD = "gnu++20";
				CLANG_ENABLE_MODULES = YES;
				CLANG_ENABLE_OBJC_ARC = YES;
				CLANG_ENABLE_OBJC_WEAK = YES;
				CLANG_WARN_BLOCK_CAPTURE_AUTORELEASING = YES;
				CLANG_WARN_BOOL_CONVERSION = YES;
				CLANG_WARN_COMMA = YES;
				CLANG_WARN_CONSTANT_CONVERSION = YES;
				CLANG_WARN_DEPRECATED_OBJC_IMPLEMENTATIONS = YES;
				CLANG_WARN_DIRECT_OBJC_ISA_USAGE = YES_ERROR;
				CLANG_WARN_DOCUMENTATION_COMMENTS = YES;
				CLANG_WARN_EMPTY_BODY = YES;
				CLANG_WARN_ENUM_CONVERSION = YES;
				CLANG_WARN_INFINITE_RECURSION = YES;
				CLANG_WARN_INT_CONVERSION = YES;
				CLANG_WARN_NON_LITERAL_NULL_CONVERSION = YES;
				CLANG_WARN_OBJC_IMPLICIT_RETAIN_SELF = YES;
				CLANG_WARN_OBJC_LITERAL_CONVERSION = YES;
				CLANG_WARN_OBJC_ROOT_CLASS = YES_ERROR;
				CLANG_WARN_QUOTED_INCLUDE_IN_FRAMEWORK_HEADER = YES;
				CLANG_WARN_RANGE_LOOP_ANALYSIS = YES;
				CLANG_WARN_STRICT_PROTOTYPES = YES;
				CLANG_WARN_SUSPICIOUS_MOVE = YES;
				CLANG_WARN_UNGUARDED_AVAILABILITY = YES_AGGRESSIVE;
				CLANG_WARN_UNREACHABLE_CODE = YES;
				CLANG_WARN__DUPLICATE_METHOD_MATCH = YES;
				COPY_PHASE_STRIP = NO;
				DEAD_CODE_STRIPPING = YES;
				DEBUG_INFORMATION_FORMAT = dwarf;
				ENABLE_STRICT_OBJC_MSGSEND = YES;
				ENABLE_TESTABILITY = YES;
				ENABLE_USER_SCRIPT_SANDBOXING = YES;
				GCC_C_LANGUAGE_STANDARD = gnu17;
				GCC_DYNAMIC_NO_PIC = NO;
				GCC_NO_COMMON_BLOCKS = YES;
				GCC_OPTIMIZATION_LEVEL = 0;
				GCC_PREPROCESSOR_DEFINITIONS = (
					"DEBUG=1",
					"$(inherited)",
				);
				GCC_WARN_64_TO_32_BIT_CONVERSION = YES;
				GCC_WARN_ABOUT_RETURN_TYPE = YES_ERROR;
				GCC_WARN_UNDECLARED_SELECTOR = YES;
				GCC_WARN_UNINITIALIZED_AUTOS = YES_AGGRESSIVE;
				GCC_WARN_UNUSED_FUNCTION = YES;
				GCC_WARN_UNUSED_VARIABLE = YES;
				LOCALIZATION_PREFERS_STRING_CATALOGS = YES;
				MACOSX_DEPLOYMENT_TARGET = 26.0;
				MTL_ENABLE_DEBUG_INFO = INCLUDE_SOURCE;
				MTL_FAST_MATH = YES;
				ONLY_ACTIVE_ARCH = YES;
				SDKROOT = macosx;
				STRING_CATALOG_GENERATE_SYMBOLS = YES;
			};
			name = Debug;
		};
		49E65B042E9C36F800D3C6C5 /* Release */ = {
			isa = XCBuildConfiguration;
			buildSettings = {
				ALWAYS_SEARCH_USER_PATHS = NO;
				ASSETCATALOG_COMPILER_GENERATE_SWIFT_ASSET_SYMBOL_EXTENSIONS = YES;
				CLANG_ANALYZER_NONNULL = YES;
				CLANG_ANALYZER_NUMBER_OBJECT_CONVERSION = YES_AGGRESSIVE;
				CLANG_CXX_LANGUAGE_STANDARD = "gnu++20";
				CLANG_ENABLE_MODULES = YES;
				CLANG_ENABLE_OBJC_ARC = YES;
				CLANG_ENABLE_OBJC_WEAK = YES;
				CLANG_WARN_BLOCK_CAPTURE_AUTORELEASING = YES;
				CLANG_WARN_BOOL_CONVERSION = YES;
				CLANG_WARN_COMMA = YES;
				CLANG_WARN_CONSTANT_CONVERSION = YES;
				CLANG_WARN_DEPRECATED_OBJC_IMPLEMENTATIONS = YES;
				CLANG_WARN_DIRECT_OBJC_ISA_USAGE = YES_ERROR;
				CLANG_WARN_DOCUMENTATION_COMMENTS = YES;
				CLANG_WARN_EMPTY_BODY = YES;
				CLANG_WARN_ENUM_CONVERSION = YES;
				CLANG_WARN_INFINITE_RECURSION = YES;
				CLANG_WARN_INT_CONVERSION = YES;
				CLANG_WARN_NON_LITERAL_NULL_CONVERSION = YES;
				CLANG_WARN_OBJC_IMPLICIT_RETAIN_SELF = YES;
				CLANG_WARN_OBJC_LITERAL_CONVERSION = YES;
				CLANG_WARN_OBJC_ROOT_CLASS = YES_ERROR;
				CLANG_WARN_QUOTED_INCLUDE_IN_FRAMEWORK_HEADER = YES;
				CLANG_WARN_RANGE_LOOP_ANALYSIS = YES;
				CLANG_WARN_STRICT_PROTOTYPES = YES;
				CLANG_WARN_SUSPICIOUS_MOVE = YES;
				CLANG_WARN_UNGUARDED_AVAILABILITY = YES_AGGRESSIVE;
				CLANG_WARN_UNREACHABLE_CODE = YES;
				CLANG_WARN__DUPLICATE_METHOD_MATCH = YES;
				COPY_PHASE_STRIP = NO;
				DEAD_CODE_STRIPPING = YES;
				DEBUG_INFORMATION_FORMAT = "dwarf-with-dsym";
				ENABLE_NS_ASSERTIONS = NO;
				ENABLE_STRICT_OBJC_MSGSEND = YES;
				ENABLE_USER_SCRIPT_SANDBOXING = YES;
				GCC_C_LANGUAGE_STANDARD = gnu17;
				GCC_NO_COMMON_BLOCKS = YES;
				GCC_WARN_64_TO_32_BIT_CONVERSION = YES;
				GCC_WARN_ABOUT_RETURN_TYPE = YES_ERROR;
				GCC_WARN_UNDECLARED_SELECTOR = YES;
				GCC_WARN_UNINITIALIZED_AUTOS = YES_AGGRESSIVE;
				GCC_WARN_UNUSED_FUNCTION = YES;
				GCC_WARN_UNUSED_VARIABLE = YES;
				LOCALIZATION_PREFERS_STRING_CATALOGS = YES;
				MACOSX_DEPLOYMENT_TARGET = 26.0;
				MTL_ENABLE_DEBUG_INFO = NO;
				MTL_FAST_MATH = YES;
				SDKROOT = macosx;
				STRING_CATALOG_GENERATE_SYMBOLS = YES;
			};
			name = Release;
		};
		49E65B062E9C36F800D3C6C5 /* Debug */ = {
			isa = XCBuildConfiguration;
			buildSettings = {
				CODE_SIGN_STYLE = Automatic;
				DEAD_CODE_STRIPPING = YES;
				EXECUTABLE_PREFIX = lib;
				GCC_WARN_64_TO_32_BIT_CONVERSION = NO;
				HEADER_SEARCH_PATHS = "$(CONFIGURATION_BUILD_DIR)/usr/local/include";
				PRODUCT_NAME = "$(TARGET_NAME)";
				SKIP_INSTALL = YES;
			};
			name = Debug;
		};
		49E65B072E9C36F800D3C6C5 /* Release */ = {
			isa = XCBuildConfiguration;
			buildSettings = {
				CODE_SIGN_STYLE = Automatic;
				DEAD_CODE_STRIPPING = YES;
				EXECUTABLE_PREFIX = lib;
				GCC_WARN_64_TO_32_BIT_CONVERSION = NO;
				HEADER_SEARCH_PATHS = "$(CONFIGURATION_BUILD_DIR)/usr/local/include";
				PRODUCT_NAME = "$(TARGET_NAME)";
				SKIP_INSTALL = YES;
			};
			name = Release;
		};
/* End XCBuildConfiguration section */

/* Begin XCConfigurationList section */
		4927442F2E9D94D000AF8FA1 /* Build configuration list for PBXNativeTarget "webby" */ = {
			isa = XCConfigurationList;
			buildConfigurations = (
				492744302E9D94D000AF8FA1 /* Debug */,
				492744312E9D94D000AF8FA1 /* Release */,
			);
			defaultConfigurationIsVisible = 0;
			defaultConfigurationName = Release;
		};
		495AB45D2E9C730A00C4C2C4 /* Build configuration list for PBXNativeTarget "Vesper" */ = {
			isa = XCConfigurationList;
			buildConfigurations = (
				495AB45B2E9C730A00C4C2C4 /* Debug */,
				495AB45C2E9C730A00C4C2C4 /* Release */,
			);
			defaultConfigurationIsVisible = 0;
			defaultConfigurationName = Release;
		};
		49E65AFC2E9C36F800D3C6C5 /* Build configuration list for PBXProject "ESPlib" */ = {
			isa = XCConfigurationList;
			buildConfigurations = (
				49E65B032E9C36F800D3C6C5 /* Debug */,
				49E65B042E9C36F800D3C6C5 /* Release */,
			);
			defaultConfigurationIsVisible = 0;
			defaultConfigurationName = Release;
		};
		49E65B052E9C36F800D3C6C5 /* Build configuration list for PBXNativeTarget "ESPlib" */ = {
			isa = XCConfigurationList;
			buildConfigurations = (
				49E65B062E9C36F800D3C6C5 /* Debug */,
				49E65B072E9C36F800D3C6C5 /* Release */,
			);
			defaultConfigurationIsVisible = 0;
			defaultConfigurationName = Release;
		};
/* End XCConfigurationList section */
	};
	rootObject = 49E65AF92E9C36F800D3C6C5 /* Project object */;
}
